// !$*UTF8*$!
{
	archiveVersion = 1;
	classes = {
	};
	objectVersion = 51;
	objects = {

/* Begin PBXBuildFile section */
		6B2CB81A2530FAB5009533E8 /* SharedData.swift in Sources */ = {isa = PBXBuildFile; fileRef = 6B2CB8192530FAB5009533E8 /* SharedData.swift */; };
		6B2CB81B2530FAB5009533E8 /* SharedData.swift in Sources */ = {isa = PBXBuildFile; fileRef = 6B2CB8192530FAB5009533E8 /* SharedData.swift */; };
		6B2CB81C2530FAB5009533E8 /* SharedData.swift in Sources */ = {isa = PBXBuildFile; fileRef = 6B2CB8192530FAB5009533E8 /* SharedData.swift */; };
		6B2CB81E2530FB2C009533E8 /* ServiceFactory.swift in Sources */ = {isa = PBXBuildFile; fileRef = 6B2CB81D2530FB2C009533E8 /* ServiceFactory.swift */; };
		6B2CB8222530FD47009533E8 /* GuardViewModel.swift in Sources */ = {isa = PBXBuildFile; fileRef = 6B2CB8212530FD47009533E8 /* GuardViewModel.swift */; };
		6B2CB82A2530FEFF009533E8 /* BlockListViewModel.swift in Sources */ = {isa = PBXBuildFile; fileRef = 6B2CB8292530FEFF009533E8 /* BlockListViewModel.swift */; };
		6B2CB82C253117ED009533E8 /* FilterWordTableViewCell.swift in Sources */ = {isa = PBXBuildFile; fileRef = 6B2CB82B253117ED009533E8 /* FilterWordTableViewCell.swift */; };
		6B2CB82F25311D39009533E8 /* Array+Extensions.swift in Sources */ = {isa = PBXBuildFile; fileRef = 6B2CB82E25311D39009533E8 /* Array+Extensions.swift */; };
		6B2CB8312533641B009533E8 /* XCTestCase+Extensions.swift in Sources */ = {isa = PBXBuildFile; fileRef = 6B2CB8302533641B009533E8 /* XCTestCase+Extensions.swift */; };
		6B2CB8332533643D009533E8 /* PersistenceServiceMock.swift in Sources */ = {isa = PBXBuildFile; fileRef = 6B2CB8322533643D009533E8 /* PersistenceServiceMock.swift */; };
		6BA64034252B16BB001515F9 /* AppDelegate.swift in Sources */ = {isa = PBXBuildFile; fileRef = 6BA64033252B16BB001515F9 /* AppDelegate.swift */; };
		6BA64036252B16BB001515F9 /* SceneDelegate.swift in Sources */ = {isa = PBXBuildFile; fileRef = 6BA64035252B16BB001515F9 /* SceneDelegate.swift */; };
		6BA6403D252B16BC001515F9 /* Assets.xcassets in Resources */ = {isa = PBXBuildFile; fileRef = 6BA6403C252B16BC001515F9 /* Assets.xcassets */; };
		6BA64040252B16BC001515F9 /* LaunchScreen.storyboard in Resources */ = {isa = PBXBuildFile; fileRef = 6BA6403E252B16BC001515F9 /* LaunchScreen.storyboard */; };
		6BA6404B252B16BC001515F9 /* BlockListViewModelTests.swift in Sources */ = {isa = PBXBuildFile; fileRef = 6BA6404A252B16BC001515F9 /* BlockListViewModelTests.swift */; };
		6BA6405F252DB5A7001515F9 /* Coordinator.swift in Sources */ = {isa = PBXBuildFile; fileRef = 6BA6405E252DB5A7001515F9 /* Coordinator.swift */; };
		6BA64061252DB5E3001515F9 /* UIView+Extensions.swift in Sources */ = {isa = PBXBuildFile; fileRef = 6BA64060252DB5E3001515F9 /* UIView+Extensions.swift */; };
		6BA64064252DB673001515F9 /* String+Extensions.swift in Sources */ = {isa = PBXBuildFile; fileRef = 6BA64063252DB673001515F9 /* String+Extensions.swift */; };
		6BA64066252DB6D4001515F9 /* UIView+Styling.swift in Sources */ = {isa = PBXBuildFile; fileRef = 6BA64065252DB6D4001515F9 /* UIView+Styling.swift */; };
		6BA64068252DB72E001515F9 /* Colors.swift in Sources */ = {isa = PBXBuildFile; fileRef = 6BA64067252DB72E001515F9 /* Colors.swift */; };
		6BA6406C252DB894001515F9 /* Fonts.swift in Sources */ = {isa = PBXBuildFile; fileRef = 6BA6406B252DB894001515F9 /* Fonts.swift */; };
		6BA64073252DBA06001515F9 /* NotoSans-Bold.ttf in Resources */ = {isa = PBXBuildFile; fileRef = 6BA6406F252DBA06001515F9 /* NotoSans-Bold.ttf */; };
		6BA64074252DBA06001515F9 /* NotoSans-Regular.ttf in Resources */ = {isa = PBXBuildFile; fileRef = 6BA64070252DBA06001515F9 /* NotoSans-Regular.ttf */; };
		6BA64076252DC804001515F9 /* UITabBarItem+Extensions.swift in Sources */ = {isa = PBXBuildFile; fileRef = 6BA64075252DC804001515F9 /* UITabBarItem+Extensions.swift */; };
		6BA64078252DC931001515F9 /* InfoViewController.swift in Sources */ = {isa = PBXBuildFile; fileRef = 6BA64077252DC931001515F9 /* InfoViewController.swift */; };
		6BA6407A252DC946001515F9 /* BlockListViewController.swift in Sources */ = {isa = PBXBuildFile; fileRef = 6BA64079252DC946001515F9 /* BlockListViewController.swift */; };
		6BA6407C252DC95B001515F9 /* GuardViewController.swift in Sources */ = {isa = PBXBuildFile; fileRef = 6BA6407B252DC95B001515F9 /* GuardViewController.swift */; };
		6BA6407E252DCA04001515F9 /* InfoCoordinator.swift in Sources */ = {isa = PBXBuildFile; fileRef = 6BA6407D252DCA04001515F9 /* InfoCoordinator.swift */; };
		6BA64080252DCAF4001515F9 /* BlockListCoordinator.swift in Sources */ = {isa = PBXBuildFile; fileRef = 6BA6407F252DCAF4001515F9 /* BlockListCoordinator.swift */; };
		6BA64082252DCB10001515F9 /* GuardCoordinator.swift in Sources */ = {isa = PBXBuildFile; fileRef = 6BA64081252DCB10001515F9 /* GuardCoordinator.swift */; };
		6BA64084252DCB28001515F9 /* MainCoordinator.swift in Sources */ = {isa = PBXBuildFile; fileRef = 6BA64083252DCB28001515F9 /* MainCoordinator.swift */; };
		6BA64086252DCCA1001515F9 /* UIViewController+Extensions.swift in Sources */ = {isa = PBXBuildFile; fileRef = 6BA64085252DCCA1001515F9 /* UIViewController+Extensions.swift */; };
		6BA6408A252DD59F001515F9 /* LabelStyles.swift in Sources */ = {isa = PBXBuildFile; fileRef = 6BA64089252DD59E001515F9 /* LabelStyles.swift */; };
		6BA6408D252DE71B001515F9 /* BlockedNumberTableViewCell.swift in Sources */ = {isa = PBXBuildFile; fileRef = 6BA6408C252DE71B001515F9 /* BlockedNumberTableViewCell.swift */; };
		6BA6409E252F0FD3001515F9 /* CallDirectoryHandler.swift in Sources */ = {isa = PBXBuildFile; fileRef = 6BA6409D252F0FD3001515F9 /* CallDirectoryHandler.swift */; };
		6BA640A2252F0FD3001515F9 /* CallDirectoryHandler.appex in Embed App Extensions */ = {isa = PBXBuildFile; fileRef = 6BA6409B252F0FD3001515F9 /* CallDirectoryHandler.appex */; settings = {ATTRIBUTES = (RemoveHeadersOnCopy, ); }; };
		6BA640AE252F4326001515F9 /* MessageFilterExtension.swift in Sources */ = {isa = PBXBuildFile; fileRef = 6BA640AD252F4326001515F9 /* MessageFilterExtension.swift */; };
		6BA640B2252F4326001515F9 /* MessageFilterExtension.appex in Embed App Extensions */ = {isa = PBXBuildFile; fileRef = 6BA640AB252F4326001515F9 /* MessageFilterExtension.appex */; settings = {ATTRIBUTES = (RemoveHeadersOnCopy, ); }; };
		6BA640B8252F4E06001515F9 /* PersistenceServiceProtocol.swift in Sources */ = {isa = PBXBuildFile; fileRef = 6BA640B7252F4E06001515F9 /* PersistenceServiceProtocol.swift */; };
		6BA640BA252F4E52001515F9 /* PersistenceService.swift in Sources */ = {isa = PBXBuildFile; fileRef = 6BA640B9252F4E52001515F9 /* PersistenceService.swift */; };
		827112DD0038D544813EB732 /* Pods_RoboBlockerTests.framework in Frameworks */ = {isa = PBXBuildFile; fileRef = 83977D1407073A230D850DD5 /* Pods_RoboBlockerTests.framework */; };
		F1436276CF5251A73761D8BC /* Pods_RoboBlocker.framework in Frameworks */ = {isa = PBXBuildFile; fileRef = 25FE38FAA48B6CB6BE00ECFD /* Pods_RoboBlocker.framework */; };
/* End PBXBuildFile section */

/* Begin PBXContainerItemProxy section */
		6BA64047252B16BC001515F9 /* PBXContainerItemProxy */ = {
			isa = PBXContainerItemProxy;
			containerPortal = 6BA64028252B16BB001515F9 /* Project object */;
			proxyType = 1;
			remoteGlobalIDString = 6BA6402F252B16BB001515F9;
			remoteInfo = RoboBlocker;
		};
		6BA640A0252F0FD3001515F9 /* PBXContainerItemProxy */ = {
			isa = PBXContainerItemProxy;
			containerPortal = 6BA64028252B16BB001515F9 /* Project object */;
			proxyType = 1;
			remoteGlobalIDString = 6BA6409A252F0FD3001515F9;
			remoteInfo = CallDirectoryHandler;
		};
		6BA640B0252F4326001515F9 /* PBXContainerItemProxy */ = {
			isa = PBXContainerItemProxy;
			containerPortal = 6BA64028252B16BB001515F9 /* Project object */;
			proxyType = 1;
			remoteGlobalIDString = 6BA640AA252F4326001515F9;
			remoteInfo = MessageFilterExtension;
		};
/* End PBXContainerItemProxy section */

/* Begin PBXCopyFilesBuildPhase section */
		6BA640A3252F0FD3001515F9 /* Embed App Extensions */ = {
			isa = PBXCopyFilesBuildPhase;
			buildActionMask = 2147483647;
			dstPath = "";
			dstSubfolderSpec = 13;
			files = (
				6BA640B2252F4326001515F9 /* MessageFilterExtension.appex in Embed App Extensions */,
				6BA640A2252F0FD3001515F9 /* CallDirectoryHandler.appex in Embed App Extensions */,
			);
			name = "Embed App Extensions";
			runOnlyForDeploymentPostprocessing = 0;
		};
/* End PBXCopyFilesBuildPhase section */

/* Begin PBXFileReference section */
		25FE38FAA48B6CB6BE00ECFD /* Pods_RoboBlocker.framework */ = {isa = PBXFileReference; explicitFileType = wrapper.framework; includeInIndex = 0; path = Pods_RoboBlocker.framework; sourceTree = BUILT_PRODUCTS_DIR; };
		6B2CB80F252F7FF7009533E8 /* RoboBlocker.entitlements */ = {isa = PBXFileReference; lastKnownFileType = text.plist.entitlements; path = RoboBlocker.entitlements; sourceTree = "<group>"; };
		6B2CB810252F8025009533E8 /* CallDirectoryHandler.entitlements */ = {isa = PBXFileReference; lastKnownFileType = text.plist.entitlements; path = CallDirectoryHandler.entitlements; sourceTree = "<group>"; };
		6B2CB811252F804C009533E8 /* MessageFilterExtension.entitlements */ = {isa = PBXFileReference; lastKnownFileType = text.plist.entitlements; path = MessageFilterExtension.entitlements; sourceTree = "<group>"; };
		6B2CB8192530FAB5009533E8 /* SharedData.swift */ = {isa = PBXFileReference; lastKnownFileType = sourcecode.swift; path = SharedData.swift; sourceTree = "<group>"; };
		6B2CB81D2530FB2C009533E8 /* ServiceFactory.swift */ = {isa = PBXFileReference; lastKnownFileType = sourcecode.swift; path = ServiceFactory.swift; sourceTree = "<group>"; };
		6B2CB8212530FD47009533E8 /* GuardViewModel.swift */ = {isa = PBXFileReference; lastKnownFileType = sourcecode.swift; path = GuardViewModel.swift; sourceTree = "<group>"; };
		6B2CB8292530FEFF009533E8 /* BlockListViewModel.swift */ = {isa = PBXFileReference; lastKnownFileType = sourcecode.swift; path = BlockListViewModel.swift; sourceTree = "<group>"; };
		6B2CB82B253117ED009533E8 /* FilterWordTableViewCell.swift */ = {isa = PBXFileReference; lastKnownFileType = sourcecode.swift; path = FilterWordTableViewCell.swift; sourceTree = "<group>"; };
		6B2CB82E25311D39009533E8 /* Array+Extensions.swift */ = {isa = PBXFileReference; lastKnownFileType = sourcecode.swift; path = "Array+Extensions.swift"; sourceTree = "<group>"; };
		6B2CB8302533641B009533E8 /* XCTestCase+Extensions.swift */ = {isa = PBXFileReference; lastKnownFileType = sourcecode.swift; path = "XCTestCase+Extensions.swift"; sourceTree = "<group>"; };
		6B2CB8322533643D009533E8 /* PersistenceServiceMock.swift */ = {isa = PBXFileReference; lastKnownFileType = sourcecode.swift; path = PersistenceServiceMock.swift; sourceTree = "<group>"; };
		6BA64030252B16BB001515F9 /* RoboBlocker.app */ = {isa = PBXFileReference; explicitFileType = wrapper.application; includeInIndex = 0; path = RoboBlocker.app; sourceTree = BUILT_PRODUCTS_DIR; };
		6BA64033252B16BB001515F9 /* AppDelegate.swift */ = {isa = PBXFileReference; lastKnownFileType = sourcecode.swift; path = AppDelegate.swift; sourceTree = "<group>"; };
		6BA64035252B16BB001515F9 /* SceneDelegate.swift */ = {isa = PBXFileReference; lastKnownFileType = sourcecode.swift; path = SceneDelegate.swift; sourceTree = "<group>"; };
		6BA6403C252B16BC001515F9 /* Assets.xcassets */ = {isa = PBXFileReference; lastKnownFileType = folder.assetcatalog; path = Assets.xcassets; sourceTree = "<group>"; };
		6BA6403F252B16BC001515F9 /* Base */ = {isa = PBXFileReference; lastKnownFileType = file.storyboard; name = Base; path = Base.lproj/LaunchScreen.storyboard; sourceTree = "<group>"; };
		6BA64041252B16BC001515F9 /* Info.plist */ = {isa = PBXFileReference; lastKnownFileType = text.plist.xml; name = Info.plist; path = RoboBlocker/App/Info.plist; sourceTree = SOURCE_ROOT; };
		6BA64046252B16BC001515F9 /* RoboBlockerTests.xctest */ = {isa = PBXFileReference; explicitFileType = wrapper.cfbundle; includeInIndex = 0; path = RoboBlockerTests.xctest; sourceTree = BUILT_PRODUCTS_DIR; };
		6BA6404A252B16BC001515F9 /* BlockListViewModelTests.swift */ = {isa = PBXFileReference; lastKnownFileType = sourcecode.swift; path = BlockListViewModelTests.swift; sourceTree = "<group>"; };
		6BA6404C252B16BC001515F9 /* Info.plist */ = {isa = PBXFileReference; lastKnownFileType = text.plist.xml; path = Info.plist; sourceTree = "<group>"; };
		6BA6405E252DB5A7001515F9 /* Coordinator.swift */ = {isa = PBXFileReference; lastKnownFileType = sourcecode.swift; path = Coordinator.swift; sourceTree = "<group>"; };
		6BA64060252DB5E3001515F9 /* UIView+Extensions.swift */ = {isa = PBXFileReference; lastKnownFileType = sourcecode.swift; path = "UIView+Extensions.swift"; sourceTree = "<group>"; };
		6BA64063252DB673001515F9 /* String+Extensions.swift */ = {isa = PBXFileReference; lastKnownFileType = sourcecode.swift; path = "String+Extensions.swift"; sourceTree = "<group>"; };
		6BA64065252DB6D4001515F9 /* UIView+Styling.swift */ = {isa = PBXFileReference; lastKnownFileType = sourcecode.swift; path = "UIView+Styling.swift"; sourceTree = "<group>"; };
		6BA64067252DB72E001515F9 /* Colors.swift */ = {isa = PBXFileReference; lastKnownFileType = sourcecode.swift; path = Colors.swift; sourceTree = "<group>"; };
		6BA6406B252DB894001515F9 /* Fonts.swift */ = {isa = PBXFileReference; lastKnownFileType = sourcecode.swift; path = Fonts.swift; sourceTree = "<group>"; };
		6BA6406F252DBA06001515F9 /* NotoSans-Bold.ttf */ = {isa = PBXFileReference; lastKnownFileType = file; path = "NotoSans-Bold.ttf"; sourceTree = "<group>"; };
		6BA64070252DBA06001515F9 /* NotoSans-Regular.ttf */ = {isa = PBXFileReference; lastKnownFileType = file; path = "NotoSans-Regular.ttf"; sourceTree = "<group>"; };
		6BA64075252DC804001515F9 /* UITabBarItem+Extensions.swift */ = {isa = PBXFileReference; lastKnownFileType = sourcecode.swift; path = "UITabBarItem+Extensions.swift"; sourceTree = "<group>"; };
		6BA64077252DC931001515F9 /* InfoViewController.swift */ = {isa = PBXFileReference; lastKnownFileType = sourcecode.swift; path = InfoViewController.swift; sourceTree = "<group>"; };
		6BA64079252DC946001515F9 /* BlockListViewController.swift */ = {isa = PBXFileReference; lastKnownFileType = sourcecode.swift; path = BlockListViewController.swift; sourceTree = "<group>"; };
		6BA6407B252DC95B001515F9 /* GuardViewController.swift */ = {isa = PBXFileReference; lastKnownFileType = sourcecode.swift; path = GuardViewController.swift; sourceTree = "<group>"; };
		6BA6407D252DCA04001515F9 /* InfoCoordinator.swift */ = {isa = PBXFileReference; lastKnownFileType = sourcecode.swift; path = InfoCoordinator.swift; sourceTree = "<group>"; };
		6BA6407F252DCAF4001515F9 /* BlockListCoordinator.swift */ = {isa = PBXFileReference; lastKnownFileType = sourcecode.swift; path = BlockListCoordinator.swift; sourceTree = "<group>"; };
		6BA64081252DCB10001515F9 /* GuardCoordinator.swift */ = {isa = PBXFileReference; lastKnownFileType = sourcecode.swift; path = GuardCoordinator.swift; sourceTree = "<group>"; };
		6BA64083252DCB28001515F9 /* MainCoordinator.swift */ = {isa = PBXFileReference; lastKnownFileType = sourcecode.swift; path = MainCoordinator.swift; sourceTree = "<group>"; };
		6BA64085252DCCA1001515F9 /* UIViewController+Extensions.swift */ = {isa = PBXFileReference; lastKnownFileType = sourcecode.swift; path = "UIViewController+Extensions.swift"; sourceTree = "<group>"; };
		6BA64089252DD59E001515F9 /* LabelStyles.swift */ = {isa = PBXFileReference; lastKnownFileType = sourcecode.swift; path = LabelStyles.swift; sourceTree = "<group>"; };
		6BA6408C252DE71B001515F9 /* BlockedNumberTableViewCell.swift */ = {isa = PBXFileReference; lastKnownFileType = sourcecode.swift; path = BlockedNumberTableViewCell.swift; sourceTree = "<group>"; };
		6BA6409B252F0FD3001515F9 /* CallDirectoryHandler.appex */ = {isa = PBXFileReference; explicitFileType = "wrapper.app-extension"; includeInIndex = 0; path = CallDirectoryHandler.appex; sourceTree = BUILT_PRODUCTS_DIR; };
		6BA6409D252F0FD3001515F9 /* CallDirectoryHandler.swift */ = {isa = PBXFileReference; lastKnownFileType = sourcecode.swift; path = CallDirectoryHandler.swift; sourceTree = "<group>"; };
		6BA6409F252F0FD3001515F9 /* Info.plist */ = {isa = PBXFileReference; lastKnownFileType = text.plist.xml; path = Info.plist; sourceTree = "<group>"; };
		6BA640AB252F4326001515F9 /* MessageFilterExtension.appex */ = {isa = PBXFileReference; explicitFileType = "wrapper.app-extension"; includeInIndex = 0; path = MessageFilterExtension.appex; sourceTree = BUILT_PRODUCTS_DIR; };
		6BA640AD252F4326001515F9 /* MessageFilterExtension.swift */ = {isa = PBXFileReference; lastKnownFileType = sourcecode.swift; path = MessageFilterExtension.swift; sourceTree = "<group>"; };
		6BA640AF252F4326001515F9 /* Info.plist */ = {isa = PBXFileReference; lastKnownFileType = text.plist.xml; path = Info.plist; sourceTree = "<group>"; };
		6BA640B7252F4E06001515F9 /* PersistenceServiceProtocol.swift */ = {isa = PBXFileReference; lastKnownFileType = sourcecode.swift; path = PersistenceServiceProtocol.swift; sourceTree = "<group>"; };
		6BA640B9252F4E52001515F9 /* PersistenceService.swift */ = {isa = PBXFileReference; lastKnownFileType = sourcecode.swift; path = PersistenceService.swift; sourceTree = "<group>"; };
		6FF41DE86B564BC79834F180 /* Pods-RoboBlockerTests.release.xcconfig */ = {isa = PBXFileReference; includeInIndex = 1; lastKnownFileType = text.xcconfig; name = "Pods-RoboBlockerTests.release.xcconfig"; path = "Target Support Files/Pods-RoboBlockerTests/Pods-RoboBlockerTests.release.xcconfig"; sourceTree = "<group>"; };
		83977D1407073A230D850DD5 /* Pods_RoboBlockerTests.framework */ = {isa = PBXFileReference; explicitFileType = wrapper.framework; includeInIndex = 0; path = Pods_RoboBlockerTests.framework; sourceTree = BUILT_PRODUCTS_DIR; };
		A4A2DFFB9DAAE1E0E6742D4A /* Pods-RoboBlocker.release.xcconfig */ = {isa = PBXFileReference; includeInIndex = 1; lastKnownFileType = text.xcconfig; name = "Pods-RoboBlocker.release.xcconfig"; path = "Target Support Files/Pods-RoboBlocker/Pods-RoboBlocker.release.xcconfig"; sourceTree = "<group>"; };
		ABADFE7C0AA6163F58C3CBFD /* Pods-RoboBlockerTests.debug.xcconfig */ = {isa = PBXFileReference; includeInIndex = 1; lastKnownFileType = text.xcconfig; name = "Pods-RoboBlockerTests.debug.xcconfig"; path = "Target Support Files/Pods-RoboBlockerTests/Pods-RoboBlockerTests.debug.xcconfig"; sourceTree = "<group>"; };
		D1A5A17B036B50B87585ABBF /* Pods-RoboBlocker.debug.xcconfig */ = {isa = PBXFileReference; includeInIndex = 1; lastKnownFileType = text.xcconfig; name = "Pods-RoboBlocker.debug.xcconfig"; path = "Target Support Files/Pods-RoboBlocker/Pods-RoboBlocker.debug.xcconfig"; sourceTree = "<group>"; };
/* End PBXFileReference section */

/* Begin PBXFrameworksBuildPhase section */
		6BA6402D252B16BB001515F9 /* Frameworks */ = {
			isa = PBXFrameworksBuildPhase;
			buildActionMask = 2147483647;
			files = (
				F1436276CF5251A73761D8BC /* Pods_RoboBlocker.framework in Frameworks */,
			);
			runOnlyForDeploymentPostprocessing = 0;
		};
		6BA64043252B16BC001515F9 /* Frameworks */ = {
			isa = PBXFrameworksBuildPhase;
			buildActionMask = 2147483647;
			files = (
				827112DD0038D544813EB732 /* Pods_RoboBlockerTests.framework in Frameworks */,
			);
			runOnlyForDeploymentPostprocessing = 0;
		};
		6BA64098252F0FD3001515F9 /* Frameworks */ = {
			isa = PBXFrameworksBuildPhase;
			buildActionMask = 2147483647;
			files = (
			);
			runOnlyForDeploymentPostprocessing = 0;
		};
		6BA640A8252F4326001515F9 /* Frameworks */ = {
			isa = PBXFrameworksBuildPhase;
			buildActionMask = 2147483647;
			files = (
			);
			runOnlyForDeploymentPostprocessing = 0;
		};
/* End PBXFrameworksBuildPhase section */

/* Begin PBXGroup section */
		6B2CB82D253117F4009533E8 /* Cells */ = {
			isa = PBXGroup;
			children = (
				6B2CB82B253117ED009533E8 /* FilterWordTableViewCell.swift */,
			);
			path = Cells;
			sourceTree = "<group>";
		};
		6BA64027252B16BB001515F9 = {
			isa = PBXGroup;
			children = (
				6BA64032252B16BB001515F9 /* RoboBlocker */,
				6BA64049252B16BC001515F9 /* RoboBlockerTests */,
				6BA6409C252F0FD3001515F9 /* CallDirectoryHandler */,
				6BA640AC252F4326001515F9 /* MessageFilterExtension */,
				6BA64031252B16BB001515F9 /* Products */,
				7BD8EF9DBA5DCE1A9A20BBC2 /* Pods */,
				EB4BB8570C14DEE90198E1CF /* Frameworks */,
			);
			sourceTree = "<group>";
		};
		6BA64031252B16BB001515F9 /* Products */ = {
			isa = PBXGroup;
			children = (
				6BA64030252B16BB001515F9 /* RoboBlocker.app */,
				6BA64046252B16BC001515F9 /* RoboBlockerTests.xctest */,
				6BA6409B252F0FD3001515F9 /* CallDirectoryHandler.appex */,
				6BA640AB252F4326001515F9 /* MessageFilterExtension.appex */,
			);
			name = Products;
			sourceTree = "<group>";
		};
		6BA64032252B16BB001515F9 /* RoboBlocker */ = {
			isa = PBXGroup;
			children = (
				6B2CB80F252F7FF7009533E8 /* RoboBlocker.entitlements */,
				6BA64056252DB387001515F9 /* App */,
				6BA640B6252F4D9C001515F9 /* Services */,
				6BA64057252DB3A3001515F9 /* UI */,
				6BA64058252DB3D6001515F9 /* Extensions */,
				6BA64059252DB3E2001515F9 /* Resources */,
			);
			path = RoboBlocker;
			sourceTree = "<group>";
		};
		6BA64049252B16BC001515F9 /* RoboBlockerTests */ = {
			isa = PBXGroup;
			children = (
				6BA6404A252B16BC001515F9 /* BlockListViewModelTests.swift */,
				6BA6404C252B16BC001515F9 /* Info.plist */,
				6B2CB8302533641B009533E8 /* XCTestCase+Extensions.swift */,
				6B2CB8322533643D009533E8 /* PersistenceServiceMock.swift */,
			);
			path = RoboBlockerTests;
			sourceTree = "<group>";
		};
		6BA64056252DB387001515F9 /* App */ = {
			isa = PBXGroup;
			children = (
				6BA64033252B16BB001515F9 /* AppDelegate.swift */,
				6BA64035252B16BB001515F9 /* SceneDelegate.swift */,
				6BA64041252B16BC001515F9 /* Info.plist */,
			);
			path = App;
			sourceTree = "<group>";
		};
		6BA64057252DB3A3001515F9 /* UI */ = {
			isa = PBXGroup;
			children = (
				6BA6405D252DB59B001515F9 /* Common */,
				6BA6405A252DB514001515F9 /* Info */,
				6BA6405B252DB525001515F9 /* BlockList */,
				6BA6405C252DB52F001515F9 /* SMSFilter */,
				6BA6403E252B16BC001515F9 /* LaunchScreen.storyboard */,
			);
			path = UI;
			sourceTree = "<group>";
		};
		6BA64058252DB3D6001515F9 /* Extensions */ = {
			isa = PBXGroup;
			children = (
				6BA64060252DB5E3001515F9 /* UIView+Extensions.swift */,
				6BA64063252DB673001515F9 /* String+Extensions.swift */,
				6BA64065252DB6D4001515F9 /* UIView+Styling.swift */,
				6BA64075252DC804001515F9 /* UITabBarItem+Extensions.swift */,
				6BA64085252DCCA1001515F9 /* UIViewController+Extensions.swift */,
				6B2CB82E25311D39009533E8 /* Array+Extensions.swift */,
			);
			path = Extensions;
			sourceTree = "<group>";
		};
		6BA64059252DB3E2001515F9 /* Resources */ = {
			isa = PBXGroup;
			children = (
				6BA64088252DD587001515F9 /* Styles */,
				6BA64069252DB872001515F9 /* Font */,
				6BA6403C252B16BC001515F9 /* Assets.xcassets */,
				6BA64067252DB72E001515F9 /* Colors.swift */,
			);
			path = Resources;
			sourceTree = "<group>";
		};
		6BA6405A252DB514001515F9 /* Info */ = {
			isa = PBXGroup;
			children = (
				6BA64077252DC931001515F9 /* InfoViewController.swift */,
				6BA6407D252DCA04001515F9 /* InfoCoordinator.swift */,
			);
			path = Info;
			sourceTree = "<group>";
		};
		6BA6405B252DB525001515F9 /* BlockList */ = {
			isa = PBXGroup;
			children = (
				6BA6408B252DE700001515F9 /* Cells */,
				6BA64079252DC946001515F9 /* BlockListViewController.swift */,
				6B2CB8292530FEFF009533E8 /* BlockListViewModel.swift */,
				6BA6407F252DCAF4001515F9 /* BlockListCoordinator.swift */,
			);
			path = BlockList;
			sourceTree = "<group>";
		};
		6BA6405C252DB52F001515F9 /* SMSFilter */ = {
			isa = PBXGroup;
			children = (
				6B2CB82D253117F4009533E8 /* Cells */,
				6BA6407B252DC95B001515F9 /* GuardViewController.swift */,
				6B2CB8212530FD47009533E8 /* GuardViewModel.swift */,
				6BA64081252DCB10001515F9 /* GuardCoordinator.swift */,
			);
			path = SMSFilter;
			sourceTree = "<group>";
		};
		6BA6405D252DB59B001515F9 /* Common */ = {
			isa = PBXGroup;
			children = (
				6BA6405E252DB5A7001515F9 /* Coordinator.swift */,
				6BA64083252DCB28001515F9 /* MainCoordinator.swift */,
			);
			path = Common;
			sourceTree = "<group>";
		};
		6BA64069252DB872001515F9 /* Font */ = {
			isa = PBXGroup;
			children = (
				6BA6406A252DB87E001515F9 /* FontFiles */,
				6BA6406B252DB894001515F9 /* Fonts.swift */,
			);
			path = Font;
			sourceTree = "<group>";
		};
		6BA6406A252DB87E001515F9 /* FontFiles */ = {
			isa = PBXGroup;
			children = (
				6BA6406F252DBA06001515F9 /* NotoSans-Bold.ttf */,
				6BA64070252DBA06001515F9 /* NotoSans-Regular.ttf */,
			);
			path = FontFiles;
			sourceTree = "<group>";
		};
		6BA64088252DD587001515F9 /* Styles */ = {
			isa = PBXGroup;
			children = (
				6BA64089252DD59E001515F9 /* LabelStyles.swift */,
			);
			path = Styles;
			sourceTree = "<group>";
		};
		6BA6408B252DE700001515F9 /* Cells */ = {
			isa = PBXGroup;
			children = (
				6BA6408C252DE71B001515F9 /* BlockedNumberTableViewCell.swift */,
			);
			path = Cells;
			sourceTree = "<group>";
		};
		6BA6409C252F0FD3001515F9 /* CallDirectoryHandler */ = {
			isa = PBXGroup;
			children = (
				6B2CB810252F8025009533E8 /* CallDirectoryHandler.entitlements */,
				6BA6409D252F0FD3001515F9 /* CallDirectoryHandler.swift */,
				6BA6409F252F0FD3001515F9 /* Info.plist */,
			);
			path = CallDirectoryHandler;
			sourceTree = "<group>";
		};
		6BA640AC252F4326001515F9 /* MessageFilterExtension */ = {
			isa = PBXGroup;
			children = (
				6B2CB811252F804C009533E8 /* MessageFilterExtension.entitlements */,
				6BA640AD252F4326001515F9 /* MessageFilterExtension.swift */,
				6BA640AF252F4326001515F9 /* Info.plist */,
			);
			path = MessageFilterExtension;
			sourceTree = "<group>";
		};
		6BA640B6252F4D9C001515F9 /* Services */ = {
			isa = PBXGroup;
			children = (
				6B2CB81D2530FB2C009533E8 /* ServiceFactory.swift */,
				6BA640B7252F4E06001515F9 /* PersistenceServiceProtocol.swift */,
				6BA640B9252F4E52001515F9 /* PersistenceService.swift */,
				6B2CB8192530FAB5009533E8 /* SharedData.swift */,
			);
			path = Services;
			sourceTree = "<group>";
		};
		7BD8EF9DBA5DCE1A9A20BBC2 /* Pods */ = {
			isa = PBXGroup;
			children = (
				D1A5A17B036B50B87585ABBF /* Pods-RoboBlocker.debug.xcconfig */,
				A4A2DFFB9DAAE1E0E6742D4A /* Pods-RoboBlocker.release.xcconfig */,
				ABADFE7C0AA6163F58C3CBFD /* Pods-RoboBlockerTests.debug.xcconfig */,
				6FF41DE86B564BC79834F180 /* Pods-RoboBlockerTests.release.xcconfig */,
			);
			path = Pods;
			sourceTree = "<group>";
		};
		EB4BB8570C14DEE90198E1CF /* Frameworks */ = {
			isa = PBXGroup;
			children = (
				25FE38FAA48B6CB6BE00ECFD /* Pods_RoboBlocker.framework */,
				83977D1407073A230D850DD5 /* Pods_RoboBlockerTests.framework */,
			);
			name = Frameworks;
			sourceTree = "<group>";
		};
/* End PBXGroup section */

/* Begin PBXNativeTarget section */
		6BA6402F252B16BB001515F9 /* RoboBlocker */ = {
			isa = PBXNativeTarget;
			buildConfigurationList = 6BA6404F252B16BC001515F9 /* Build configuration list for PBXNativeTarget "RoboBlocker" */;
			buildPhases = (
				BCE40129536FA39CA0630C00 /* [CP] Check Pods Manifest.lock */,
				6BA6402C252B16BB001515F9 /* Sources */,
				6BA6402D252B16BB001515F9 /* Frameworks */,
				6BA6402E252B16BB001515F9 /* Resources */,
				6BA64055252B19E2001515F9 /* SwiftLint */,
				47FA411D40EFC0AC7C8B65D5 /* [CP] Embed Pods Frameworks */,
				6BA640A3252F0FD3001515F9 /* Embed App Extensions */,
			);
			buildRules = (
			);
			dependencies = (
				6BA640A1252F0FD3001515F9 /* PBXTargetDependency */,
				6BA640B1252F4326001515F9 /* PBXTargetDependency */,
			);
			name = RoboBlocker;
			productName = RoboBlocker;
			productReference = 6BA64030252B16BB001515F9 /* RoboBlocker.app */;
			productType = "com.apple.product-type.application";
		};
		6BA64045252B16BC001515F9 /* RoboBlockerTests */ = {
			isa = PBXNativeTarget;
			buildConfigurationList = 6BA64052252B16BC001515F9 /* Build configuration list for PBXNativeTarget "RoboBlockerTests" */;
			buildPhases = (
				389D4C42F61B4310D7778CA7 /* [CP] Check Pods Manifest.lock */,
				6BA64042252B16BC001515F9 /* Sources */,
				6BA64043252B16BC001515F9 /* Frameworks */,
				6BA64044252B16BC001515F9 /* Resources */,
				1243CAFCB3BF969459C8B3AE /* [CP] Embed Pods Frameworks */,
			);
			buildRules = (
			);
			dependencies = (
				6BA64048252B16BC001515F9 /* PBXTargetDependency */,
			);
			name = RoboBlockerTests;
			productName = RoboBlockerTests;
			productReference = 6BA64046252B16BC001515F9 /* RoboBlockerTests.xctest */;
			productType = "com.apple.product-type.bundle.unit-test";
		};
		6BA6409A252F0FD3001515F9 /* CallDirectoryHandler */ = {
			isa = PBXNativeTarget;
			buildConfigurationList = 6BA640A6252F0FD3001515F9 /* Build configuration list for PBXNativeTarget "CallDirectoryHandler" */;
			buildPhases = (
				6BA64097252F0FD3001515F9 /* Sources */,
				6BA64098252F0FD3001515F9 /* Frameworks */,
				6BA64099252F0FD3001515F9 /* Resources */,
			);
			buildRules = (
			);
			dependencies = (
			);
			name = CallDirectoryHandler;
			productName = CallDirectoryHandler;
			productReference = 6BA6409B252F0FD3001515F9 /* CallDirectoryHandler.appex */;
			productType = "com.apple.product-type.app-extension";
		};
		6BA640AA252F4326001515F9 /* MessageFilterExtension */ = {
			isa = PBXNativeTarget;
			buildConfigurationList = 6BA640B5252F4326001515F9 /* Build configuration list for PBXNativeTarget "MessageFilterExtension" */;
			buildPhases = (
				6BA640A7252F4326001515F9 /* Sources */,
				6BA640A8252F4326001515F9 /* Frameworks */,
				6BA640A9252F4326001515F9 /* Resources */,
			);
			buildRules = (
			);
			dependencies = (
			);
			name = MessageFilterExtension;
			productName = MessageFilterExtension;
			productReference = 6BA640AB252F4326001515F9 /* MessageFilterExtension.appex */;
			productType = "com.apple.product-type.app-extension";
		};
/* End PBXNativeTarget section */

/* Begin PBXProject section */
		6BA64028252B16BB001515F9 /* Project object */ = {
			isa = PBXProject;
			attributes = {
				LastSwiftUpdateCheck = 1170;
				LastUpgradeCheck = 1170;
				ORGANIZATIONNAME = "Marin Rados";
				TargetAttributes = {
					6BA6402F252B16BB001515F9 = {
						CreatedOnToolsVersion = 11.7;
					};
					6BA64045252B16BC001515F9 = {
						CreatedOnToolsVersion = 11.7;
						TestTargetID = 6BA6402F252B16BB001515F9;
					};
					6BA6409A252F0FD3001515F9 = {
						CreatedOnToolsVersion = 11.7;
					};
					6BA640AA252F4326001515F9 = {
						CreatedOnToolsVersion = 11.7;
					};
				};
			};
			buildConfigurationList = 6BA6402B252B16BB001515F9 /* Build configuration list for PBXProject "RoboBlocker" */;
			compatibilityVersion = "Xcode 9.3";
			developmentRegion = en;
			hasScannedForEncodings = 0;
			knownRegions = (
				en,
				Base,
			);
			mainGroup = 6BA64027252B16BB001515F9;
			productRefGroup = 6BA64031252B16BB001515F9 /* Products */;
			projectDirPath = "";
			projectRoot = "";
			targets = (
				6BA6402F252B16BB001515F9 /* RoboBlocker */,
				6BA64045252B16BC001515F9 /* RoboBlockerTests */,
				6BA6409A252F0FD3001515F9 /* CallDirectoryHandler */,
				6BA640AA252F4326001515F9 /* MessageFilterExtension */,
			);
		};
/* End PBXProject section */

/* Begin PBXResourcesBuildPhase section */
		6BA6402E252B16BB001515F9 /* Resources */ = {
			isa = PBXResourcesBuildPhase;
			buildActionMask = 2147483647;
			files = (
				6BA64073252DBA06001515F9 /* NotoSans-Bold.ttf in Resources */,
				6BA64040252B16BC001515F9 /* LaunchScreen.storyboard in Resources */,
				6BA6403D252B16BC001515F9 /* Assets.xcassets in Resources */,
				6BA64074252DBA06001515F9 /* NotoSans-Regular.ttf in Resources */,
			);
			runOnlyForDeploymentPostprocessing = 0;
		};
		6BA64044252B16BC001515F9 /* Resources */ = {
			isa = PBXResourcesBuildPhase;
			buildActionMask = 2147483647;
			files = (
			);
			runOnlyForDeploymentPostprocessing = 0;
		};
		6BA64099252F0FD3001515F9 /* Resources */ = {
			isa = PBXResourcesBuildPhase;
			buildActionMask = 2147483647;
			files = (
			);
			runOnlyForDeploymentPostprocessing = 0;
		};
		6BA640A9252F4326001515F9 /* Resources */ = {
			isa = PBXResourcesBuildPhase;
			buildActionMask = 2147483647;
			files = (
			);
			runOnlyForDeploymentPostprocessing = 0;
		};
/* End PBXResourcesBuildPhase section */

/* Begin PBXShellScriptBuildPhase section */
		1243CAFCB3BF969459C8B3AE /* [CP] Embed Pods Frameworks */ = {
			isa = PBXShellScriptBuildPhase;
			buildActionMask = 2147483647;
			files = (
			);
			inputFileListPaths = (
				"${PODS_ROOT}/Target Support Files/Pods-RoboBlockerTests/Pods-RoboBlockerTests-frameworks-${CONFIGURATION}-input-files.xcfilelist",
			);
			name = "[CP] Embed Pods Frameworks";
			outputFileListPaths = (
				"${PODS_ROOT}/Target Support Files/Pods-RoboBlockerTests/Pods-RoboBlockerTests-frameworks-${CONFIGURATION}-output-files.xcfilelist",
			);
			runOnlyForDeploymentPostprocessing = 0;
			shellPath = /bin/sh;
			shellScript = "\"${PODS_ROOT}/Target Support Files/Pods-RoboBlockerTests/Pods-RoboBlockerTests-frameworks.sh\"\n";
			showEnvVarsInLog = 0;
		};
		389D4C42F61B4310D7778CA7 /* [CP] Check Pods Manifest.lock */ = {
			isa = PBXShellScriptBuildPhase;
			buildActionMask = 2147483647;
			files = (
			);
			inputFileListPaths = (
			);
			inputPaths = (
				"${PODS_PODFILE_DIR_PATH}/Podfile.lock",
				"${PODS_ROOT}/Manifest.lock",
			);
			name = "[CP] Check Pods Manifest.lock";
			outputFileListPaths = (
			);
			outputPaths = (
				"$(DERIVED_FILE_DIR)/Pods-RoboBlockerTests-checkManifestLockResult.txt",
			);
			runOnlyForDeploymentPostprocessing = 0;
			shellPath = /bin/sh;
			shellScript = "diff \"${PODS_PODFILE_DIR_PATH}/Podfile.lock\" \"${PODS_ROOT}/Manifest.lock\" > /dev/null\nif [ $? != 0 ] ; then\n    # print error to STDERR\n    echo \"error: The sandbox is not in sync with the Podfile.lock. Run 'pod install' or update your CocoaPods installation.\" >&2\n    exit 1\nfi\n# This output is used by Xcode 'outputs' to avoid re-running this script phase.\necho \"SUCCESS\" > \"${SCRIPT_OUTPUT_FILE_0}\"\n";
			showEnvVarsInLog = 0;
		};
		47FA411D40EFC0AC7C8B65D5 /* [CP] Embed Pods Frameworks */ = {
			isa = PBXShellScriptBuildPhase;
			buildActionMask = 2147483647;
			files = (
			);
			inputFileListPaths = (
				"${PODS_ROOT}/Target Support Files/Pods-RoboBlocker/Pods-RoboBlocker-frameworks-${CONFIGURATION}-input-files.xcfilelist",
			);
			name = "[CP] Embed Pods Frameworks";
			outputFileListPaths = (
				"${PODS_ROOT}/Target Support Files/Pods-RoboBlocker/Pods-RoboBlocker-frameworks-${CONFIGURATION}-output-files.xcfilelist",
			);
			runOnlyForDeploymentPostprocessing = 0;
			shellPath = /bin/sh;
			shellScript = "\"${PODS_ROOT}/Target Support Files/Pods-RoboBlocker/Pods-RoboBlocker-frameworks.sh\"\n";
			showEnvVarsInLog = 0;
		};
		6BA64055252B19E2001515F9 /* SwiftLint */ = {
			isa = PBXShellScriptBuildPhase;
			buildActionMask = 2147483647;
			files = (
			);
			inputFileListPaths = (
			);
			inputPaths = (
			);
			name = SwiftLint;
			outputFileListPaths = (
			);
			outputPaths = (
			);
			runOnlyForDeploymentPostprocessing = 0;
			shellPath = /bin/sh;
			shellScript = "\"${PODS_ROOT}/SwiftLint/swiftlint\"\n";
		};
		BCE40129536FA39CA0630C00 /* [CP] Check Pods Manifest.lock */ = {
			isa = PBXShellScriptBuildPhase;
			buildActionMask = 2147483647;
			files = (
			);
			inputFileListPaths = (
			);
			inputPaths = (
				"${PODS_PODFILE_DIR_PATH}/Podfile.lock",
				"${PODS_ROOT}/Manifest.lock",
			);
			name = "[CP] Check Pods Manifest.lock";
			outputFileListPaths = (
			);
			outputPaths = (
				"$(DERIVED_FILE_DIR)/Pods-RoboBlocker-checkManifestLockResult.txt",
			);
			runOnlyForDeploymentPostprocessing = 0;
			shellPath = /bin/sh;
			shellScript = "diff \"${PODS_PODFILE_DIR_PATH}/Podfile.lock\" \"${PODS_ROOT}/Manifest.lock\" > /dev/null\nif [ $? != 0 ] ; then\n    # print error to STDERR\n    echo \"error: The sandbox is not in sync with the Podfile.lock. Run 'pod install' or update your CocoaPods installation.\" >&2\n    exit 1\nfi\n# This output is used by Xcode 'outputs' to avoid re-running this script phase.\necho \"SUCCESS\" > \"${SCRIPT_OUTPUT_FILE_0}\"\n";
			showEnvVarsInLog = 0;
		};
/* End PBXShellScriptBuildPhase section */

/* Begin PBXSourcesBuildPhase section */
		6BA6402C252B16BB001515F9 /* Sources */ = {
			isa = PBXSourcesBuildPhase;
			buildActionMask = 2147483647;
			files = (
				6BA64082252DCB10001515F9 /* GuardCoordinator.swift in Sources */,
				6BA6405F252DB5A7001515F9 /* Coordinator.swift in Sources */,
				6BA6407E252DCA04001515F9 /* InfoCoordinator.swift in Sources */,
				6B2CB82F25311D39009533E8 /* Array+Extensions.swift in Sources */,
				6BA64078252DC931001515F9 /* InfoViewController.swift in Sources */,
				6B2CB82A2530FEFF009533E8 /* BlockListViewModel.swift in Sources */,
				6BA64068252DB72E001515F9 /* Colors.swift in Sources */,
				6BA6408D252DE71B001515F9 /* BlockedNumberTableViewCell.swift in Sources */,
				6B2CB8222530FD47009533E8 /* GuardViewModel.swift in Sources */,
				6BA640B8252F4E06001515F9 /* PersistenceServiceProtocol.swift in Sources */,
				6BA640BA252F4E52001515F9 /* PersistenceService.swift in Sources */,
				6BA64086252DCCA1001515F9 /* UIViewController+Extensions.swift in Sources */,
				6BA64061252DB5E3001515F9 /* UIView+Extensions.swift in Sources */,
				6BA64066252DB6D4001515F9 /* UIView+Styling.swift in Sources */,
				6BA64034252B16BB001515F9 /* AppDelegate.swift in Sources */,
				6BA64076252DC804001515F9 /* UITabBarItem+Extensions.swift in Sources */,
				6BA6408A252DD59F001515F9 /* LabelStyles.swift in Sources */,
				6BA64084252DCB28001515F9 /* MainCoordinator.swift in Sources */,
				6B2CB81E2530FB2C009533E8 /* ServiceFactory.swift in Sources */,
				6BA64080252DCAF4001515F9 /* BlockListCoordinator.swift in Sources */,
				6BA64064252DB673001515F9 /* String+Extensions.swift in Sources */,
				6B2CB82C253117ED009533E8 /* FilterWordTableViewCell.swift in Sources */,
				6BA6407C252DC95B001515F9 /* GuardViewController.swift in Sources */,
				6B2CB81A2530FAB5009533E8 /* SharedData.swift in Sources */,
				6BA6406C252DB894001515F9 /* Fonts.swift in Sources */,
				6BA6407A252DC946001515F9 /* BlockListViewController.swift in Sources */,
				6BA64036252B16BB001515F9 /* SceneDelegate.swift in Sources */,
			);
			runOnlyForDeploymentPostprocessing = 0;
		};
		6BA64042252B16BC001515F9 /* Sources */ = {
			isa = PBXSourcesBuildPhase;
			buildActionMask = 2147483647;
			files = (
				6B2CB8312533641B009533E8 /* XCTestCase+Extensions.swift in Sources */,
				6B2CB8332533643D009533E8 /* PersistenceServiceMock.swift in Sources */,
				6BA6404B252B16BC001515F9 /* BlockListViewModelTests.swift in Sources */,
			);
			runOnlyForDeploymentPostprocessing = 0;
		};
		6BA64097252F0FD3001515F9 /* Sources */ = {
			isa = PBXSourcesBuildPhase;
			buildActionMask = 2147483647;
			files = (
				6B2CB81B2530FAB5009533E8 /* SharedData.swift in Sources */,
				6BA6409E252F0FD3001515F9 /* CallDirectoryHandler.swift in Sources */,
			);
			runOnlyForDeploymentPostprocessing = 0;
		};
		6BA640A7252F4326001515F9 /* Sources */ = {
			isa = PBXSourcesBuildPhase;
			buildActionMask = 2147483647;
			files = (
				6B2CB81C2530FAB5009533E8 /* SharedData.swift in Sources */,
				6BA640AE252F4326001515F9 /* MessageFilterExtension.swift in Sources */,
			);
			runOnlyForDeploymentPostprocessing = 0;
		};
/* End PBXSourcesBuildPhase section */

/* Begin PBXTargetDependency section */
		6BA64048252B16BC001515F9 /* PBXTargetDependency */ = {
			isa = PBXTargetDependency;
			target = 6BA6402F252B16BB001515F9 /* RoboBlocker */;
			targetProxy = 6BA64047252B16BC001515F9 /* PBXContainerItemProxy */;
		};
		6BA640A1252F0FD3001515F9 /* PBXTargetDependency */ = {
			isa = PBXTargetDependency;
			target = 6BA6409A252F0FD3001515F9 /* CallDirectoryHandler */;
			targetProxy = 6BA640A0252F0FD3001515F9 /* PBXContainerItemProxy */;
		};
		6BA640B1252F4326001515F9 /* PBXTargetDependency */ = {
			isa = PBXTargetDependency;
			target = 6BA640AA252F4326001515F9 /* MessageFilterExtension */;
			targetProxy = 6BA640B0252F4326001515F9 /* PBXContainerItemProxy */;
		};
/* End PBXTargetDependency section */

/* Begin PBXVariantGroup section */
		6BA6403E252B16BC001515F9 /* LaunchScreen.storyboard */ = {
			isa = PBXVariantGroup;
			children = (
				6BA6403F252B16BC001515F9 /* Base */,
			);
			name = LaunchScreen.storyboard;
			sourceTree = "<group>";
		};
/* End PBXVariantGroup section */

/* Begin XCBuildConfiguration section */
		6BA6404D252B16BC001515F9 /* Debug */ = {
			isa = XCBuildConfiguration;
			buildSettings = {
				ALWAYS_SEARCH_USER_PATHS = NO;
				CLANG_ANALYZER_NONNULL = YES;
				CLANG_ANALYZER_NUMBER_OBJECT_CONVERSION = YES_AGGRESSIVE;
				CLANG_CXX_LANGUAGE_STANDARD = "gnu++14";
				CLANG_CXX_LIBRARY = "libc++";
				CLANG_ENABLE_MODULES = YES;
				CLANG_ENABLE_OBJC_ARC = YES;
				CLANG_ENABLE_OBJC_WEAK = YES;
				CLANG_WARN_BLOCK_CAPTURE_AUTORELEASING = YES;
				CLANG_WARN_BOOL_CONVERSION = YES;
				CLANG_WARN_COMMA = YES;
				CLANG_WARN_CONSTANT_CONVERSION = YES;
				CLANG_WARN_DEPRECATED_OBJC_IMPLEMENTATIONS = YES;
				CLANG_WARN_DIRECT_OBJC_ISA_USAGE = YES_ERROR;
				CLANG_WARN_DOCUMENTATION_COMMENTS = YES;
				CLANG_WARN_EMPTY_BODY = YES;
				CLANG_WARN_ENUM_CONVERSION = YES;
				CLANG_WARN_INFINITE_RECURSION = YES;
				CLANG_WARN_INT_CONVERSION = YES;
				CLANG_WARN_NON_LITERAL_NULL_CONVERSION = YES;
				CLANG_WARN_OBJC_IMPLICIT_RETAIN_SELF = YES;
				CLANG_WARN_OBJC_LITERAL_CONVERSION = YES;
				CLANG_WARN_OBJC_ROOT_CLASS = YES_ERROR;
				CLANG_WARN_RANGE_LOOP_ANALYSIS = YES;
				CLANG_WARN_STRICT_PROTOTYPES = YES;
				CLANG_WARN_SUSPICIOUS_MOVE = YES;
				CLANG_WARN_UNGUARDED_AVAILABILITY = YES_AGGRESSIVE;
				CLANG_WARN_UNREACHABLE_CODE = YES;
				CLANG_WARN__DUPLICATE_METHOD_MATCH = YES;
				COPY_PHASE_STRIP = NO;
				DEBUG_INFORMATION_FORMAT = dwarf;
				ENABLE_STRICT_OBJC_MSGSEND = YES;
				ENABLE_TESTABILITY = YES;
				GCC_C_LANGUAGE_STANDARD = gnu11;
				GCC_DYNAMIC_NO_PIC = NO;
				GCC_NO_COMMON_BLOCKS = YES;
				GCC_OPTIMIZATION_LEVEL = 0;
				GCC_PREPROCESSOR_DEFINITIONS = (
					"DEBUG=1",
					"$(inherited)",
				);
				GCC_WARN_64_TO_32_BIT_CONVERSION = YES;
				GCC_WARN_ABOUT_RETURN_TYPE = YES_ERROR;
				GCC_WARN_UNDECLARED_SELECTOR = YES;
				GCC_WARN_UNINITIALIZED_AUTOS = YES_AGGRESSIVE;
				GCC_WARN_UNUSED_FUNCTION = YES;
				GCC_WARN_UNUSED_VARIABLE = YES;
				IPHONEOS_DEPLOYMENT_TARGET = 13.7;
				MTL_ENABLE_DEBUG_INFO = INCLUDE_SOURCE;
				MTL_FAST_MATH = YES;
				ONLY_ACTIVE_ARCH = YES;
				SDKROOT = iphoneos;
				SWIFT_ACTIVE_COMPILATION_CONDITIONS = DEBUG;
				SWIFT_OPTIMIZATION_LEVEL = "-Onone";
			};
			name = Debug;
		};
		6BA6404E252B16BC001515F9 /* Release */ = {
			isa = XCBuildConfiguration;
			buildSettings = {
				ALWAYS_SEARCH_USER_PATHS = NO;
				CLANG_ANALYZER_NONNULL = YES;
				CLANG_ANALYZER_NUMBER_OBJECT_CONVERSION = YES_AGGRESSIVE;
				CLANG_CXX_LANGUAGE_STANDARD = "gnu++14";
				CLANG_CXX_LIBRARY = "libc++";
				CLANG_ENABLE_MODULES = YES;
				CLANG_ENABLE_OBJC_ARC = YES;
				CLANG_ENABLE_OBJC_WEAK = YES;
				CLANG_WARN_BLOCK_CAPTURE_AUTORELEASING = YES;
				CLANG_WARN_BOOL_CONVERSION = YES;
				CLANG_WARN_COMMA = YES;
				CLANG_WARN_CONSTANT_CONVERSION = YES;
				CLANG_WARN_DEPRECATED_OBJC_IMPLEMENTATIONS = YES;
				CLANG_WARN_DIRECT_OBJC_ISA_USAGE = YES_ERROR;
				CLANG_WARN_DOCUMENTATION_COMMENTS = YES;
				CLANG_WARN_EMPTY_BODY = YES;
				CLANG_WARN_ENUM_CONVERSION = YES;
				CLANG_WARN_INFINITE_RECURSION = YES;
				CLANG_WARN_INT_CONVERSION = YES;
				CLANG_WARN_NON_LITERAL_NULL_CONVERSION = YES;
				CLANG_WARN_OBJC_IMPLICIT_RETAIN_SELF = YES;
				CLANG_WARN_OBJC_LITERAL_CONVERSION = YES;
				CLANG_WARN_OBJC_ROOT_CLASS = YES_ERROR;
				CLANG_WARN_RANGE_LOOP_ANALYSIS = YES;
				CLANG_WARN_STRICT_PROTOTYPES = YES;
				CLANG_WARN_SUSPICIOUS_MOVE = YES;
				CLANG_WARN_UNGUARDED_AVAILABILITY = YES_AGGRESSIVE;
				CLANG_WARN_UNREACHABLE_CODE = YES;
				CLANG_WARN__DUPLICATE_METHOD_MATCH = YES;
				COPY_PHASE_STRIP = NO;
				DEBUG_INFORMATION_FORMAT = "dwarf-with-dsym";
				ENABLE_NS_ASSERTIONS = NO;
				ENABLE_STRICT_OBJC_MSGSEND = YES;
				GCC_C_LANGUAGE_STANDARD = gnu11;
				GCC_NO_COMMON_BLOCKS = YES;
				GCC_WARN_64_TO_32_BIT_CONVERSION = YES;
				GCC_WARN_ABOUT_RETURN_TYPE = YES_ERROR;
				GCC_WARN_UNDECLARED_SELECTOR = YES;
				GCC_WARN_UNINITIALIZED_AUTOS = YES_AGGRESSIVE;
				GCC_WARN_UNUSED_FUNCTION = YES;
				GCC_WARN_UNUSED_VARIABLE = YES;
				IPHONEOS_DEPLOYMENT_TARGET = 13.7;
				MTL_ENABLE_DEBUG_INFO = NO;
				MTL_FAST_MATH = YES;
				SDKROOT = iphoneos;
				SWIFT_COMPILATION_MODE = wholemodule;
				SWIFT_OPTIMIZATION_LEVEL = "-O";
				VALIDATE_PRODUCT = YES;
			};
			name = Release;
		};
		6BA64050252B16BC001515F9 /* Debug */ = {
			isa = XCBuildConfiguration;
			baseConfigurationReference = D1A5A17B036B50B87585ABBF /* Pods-RoboBlocker.debug.xcconfig */;
			buildSettings = {
				ALWAYS_EMBED_SWIFT_STANDARD_LIBRARIES = YES;
				ASSETCATALOG_COMPILER_APPICON_NAME = AppIcon;
				CODE_SIGN_ENTITLEMENTS = RoboBlocker/RoboBlocker.entitlements;
				CODE_SIGN_STYLE = Automatic;
				DEVELOPMENT_TEAM = N53N9LX9DH;
				INFOPLIST_FILE = RoboBlocker/App/Info.plist;
				IPHONEOS_DEPLOYMENT_TARGET = 13.0;
				LD_RUNPATH_SEARCH_PATHS = (
					"$(inherited)",
					"@executable_path/Frameworks",
				);
				PRODUCT_BUNDLE_IDENTIFIER = marinrados.RoboBlocker;
				PRODUCT_NAME = "$(TARGET_NAME)";
				SWIFT_VERSION = 5.0;
				TARGETED_DEVICE_FAMILY = 1;
			};
			name = Debug;
		};
		6BA64051252B16BC001515F9 /* Release */ = {
			isa = XCBuildConfiguration;
			baseConfigurationReference = A4A2DFFB9DAAE1E0E6742D4A /* Pods-RoboBlocker.release.xcconfig */;
			buildSettings = {
				ALWAYS_EMBED_SWIFT_STANDARD_LIBRARIES = YES;
				ASSETCATALOG_COMPILER_APPICON_NAME = AppIcon;
				CODE_SIGN_ENTITLEMENTS = RoboBlocker/RoboBlocker.entitlements;
				CODE_SIGN_STYLE = Automatic;
				DEVELOPMENT_TEAM = N53N9LX9DH;
				INFOPLIST_FILE = RoboBlocker/App/Info.plist;
				IPHONEOS_DEPLOYMENT_TARGET = 13.0;
				LD_RUNPATH_SEARCH_PATHS = (
					"$(inherited)",
					"@executable_path/Frameworks",
				);
				PRODUCT_BUNDLE_IDENTIFIER = marinrados.RoboBlocker;
				PRODUCT_NAME = "$(TARGET_NAME)";
				SWIFT_VERSION = 5.0;
				TARGETED_DEVICE_FAMILY = 1;
			};
			name = Release;
		};
		6BA64053252B16BC001515F9 /* Debug */ = {
			isa = XCBuildConfiguration;
			baseConfigurationReference = ABADFE7C0AA6163F58C3CBFD /* Pods-RoboBlockerTests.debug.xcconfig */;
			buildSettings = {
				ALWAYS_EMBED_SWIFT_STANDARD_LIBRARIES = YES;
				BUNDLE_LOADER = "$(TEST_HOST)";
				CODE_SIGN_STYLE = Automatic;
				DEVELOPMENT_TEAM = N53N9LX9DH;
				INFOPLIST_FILE = RoboBlockerTests/Info.plist;
				IPHONEOS_DEPLOYMENT_TARGET = 13.7;
				LD_RUNPATH_SEARCH_PATHS = (
					"$(inherited)",
					"@executable_path/Frameworks",
					"@loader_path/Frameworks",
				);
				PRODUCT_BUNDLE_IDENTIFIER = marinrados.RoboBlockerTests;
				PRODUCT_NAME = "$(TARGET_NAME)";
				SWIFT_VERSION = 5.0;
				TARGETED_DEVICE_FAMILY = "1,2";
				TEST_HOST = "$(BUILT_PRODUCTS_DIR)/RoboBlocker.app/RoboBlocker";
			};
			name = Debug;
		};
		6BA64054252B16BC001515F9 /* Release */ = {
			isa = XCBuildConfiguration;
			baseConfigurationReference = 6FF41DE86B564BC79834F180 /* Pods-RoboBlockerTests.release.xcconfig */;
			buildSettings = {
				ALWAYS_EMBED_SWIFT_STANDARD_LIBRARIES = YES;
				BUNDLE_LOADER = "$(TEST_HOST)";
				CODE_SIGN_STYLE = Automatic;
				DEVELOPMENT_TEAM = N53N9LX9DH;
				INFOPLIST_FILE = RoboBlockerTests/Info.plist;
				IPHONEOS_DEPLOYMENT_TARGET = 13.7;
				LD_RUNPATH_SEARCH_PATHS = (
					"$(inherited)",
					"@executable_path/Frameworks",
					"@loader_path/Frameworks",
				);
				PRODUCT_BUNDLE_IDENTIFIER = marinrados.RoboBlockerTests;
				PRODUCT_NAME = "$(TARGET_NAME)";
				SWIFT_VERSION = 5.0;
				TARGETED_DEVICE_FAMILY = "1,2";
				TEST_HOST = "$(BUILT_PRODUCTS_DIR)/RoboBlocker.app/RoboBlocker";
			};
			name = Release;
		};
		6BA640A4252F0FD3001515F9 /* Debug */ = {
			isa = XCBuildConfiguration;
			buildSettings = {
				ARCHS = "$(ARCHS_STANDARD_64_BIT)";
				CODE_SIGN_ENTITLEMENTS = CallDirectoryHandler/CallDirectoryHandler.entitlements;
				CODE_SIGN_STYLE = Automatic;
				DEVELOPMENT_TEAM = N53N9LX9DH;
				INFOPLIST_FILE = CallDirectoryHandler/Info.plist;
				IPHONEOS_DEPLOYMENT_TARGET = 13.0;
				LD_RUNPATH_SEARCH_PATHS = (
					"$(inherited)",
					"@executable_path/Frameworks",
					"@executable_path/../../Frameworks",
				);
				PRODUCT_BUNDLE_IDENTIFIER = marinrados.RoboBlocker.CallDirectoryHandler;
				PRODUCT_NAME = "$(TARGET_NAME)";
				SKIP_INSTALL = YES;
				SWIFT_VERSION = 5.0;
				TARGETED_DEVICE_FAMILY = 1;
			};
			name = Debug;
		};
		6BA640A5252F0FD3001515F9 /* Release */ = {
			isa = XCBuildConfiguration;
			buildSettings = {
				ARCHS = "$(ARCHS_STANDARD_64_BIT)";
				CODE_SIGN_ENTITLEMENTS = CallDirectoryHandler/CallDirectoryHandler.entitlements;
				CODE_SIGN_STYLE = Automatic;
				DEVELOPMENT_TEAM = N53N9LX9DH;
				INFOPLIST_FILE = CallDirectoryHandler/Info.plist;
				IPHONEOS_DEPLOYMENT_TARGET = 13.0;
				LD_RUNPATH_SEARCH_PATHS = (
					"$(inherited)",
					"@executable_path/Frameworks",
					"@executable_path/../../Frameworks",
				);
				PRODUCT_BUNDLE_IDENTIFIER = marinrados.RoboBlocker.CallDirectoryHandler;
				PRODUCT_NAME = "$(TARGET_NAME)";
				SKIP_INSTALL = YES;
				SWIFT_VERSION = 5.0;
				TARGETED_DEVICE_FAMILY = 1;
			};
			name = Release;
		};
		6BA640B3252F4326001515F9 /* Debug */ = {
			isa = XCBuildConfiguration;
			buildSettings = {
				CODE_SIGN_ENTITLEMENTS = MessageFilterExtension/MessageFilterExtension.entitlements;
				CODE_SIGN_STYLE = Automatic;
				DEVELOPMENT_TEAM = N53N9LX9DH;
				INFOPLIST_FILE = MessageFilterExtension/Info.plist;
				LD_RUNPATH_SEARCH_PATHS = (
					"$(inherited)",
					"@executable_path/Frameworks",
					"@executable_path/../../Frameworks",
				);
				PRODUCT_BUNDLE_IDENTIFIER = marinrados.RoboBlocker.MessageFilterExtension;
				PRODUCT_NAME = "$(TARGET_NAME)";
				SKIP_INSTALL = YES;
				SWIFT_VERSION = 5.0;
				TARGETED_DEVICE_FAMILY = "1,2";
			};
			name = Debug;
		};
		6BA640B4252F4326001515F9 /* Release */ = {
			isa = XCBuildConfiguration;
			buildSettings = {
				CODE_SIGN_ENTITLEMENTS = MessageFilterExtension/MessageFilterExtension.entitlements;
				CODE_SIGN_STYLE = Automatic;
				DEVELOPMENT_TEAM = N53N9LX9DH;
				INFOPLIST_FILE = MessageFilterExtension/Info.plist;
				LD_RUNPATH_SEARCH_PATHS = (
					"$(inherited)",
					"@executable_path/Frameworks",
					"@executable_path/../../Frameworks",
				);
				PRODUCT_BUNDLE_IDENTIFIER = marinrados.RoboBlocker.MessageFilterExtension;
				PRODUCT_NAME = "$(TARGET_NAME)";
				SKIP_INSTALL = YES;
				SWIFT_VERSION = 5.0;
				TARGETED_DEVICE_FAMILY = "1,2";
			};
			name = Release;
		};
/* End XCBuildConfiguration section */

/* Begin XCConfigurationList section */
		6BA6402B252B16BB001515F9 /* Build configuration list for PBXProject "RoboBlocker" */ = {
			isa = XCConfigurationList;
			buildConfigurations = (
				6BA6404D252B16BC001515F9 /* Debug */,
				6BA6404E252B16BC001515F9 /* Release */,
			);
			defaultConfigurationIsVisible = 0;
			defaultConfigurationName = Release;
		};
		6BA6404F252B16BC001515F9 /* Build configuration list for PBXNativeTarget "RoboBlocker" */ = {
			isa = XCConfigurationList;
			buildConfigurations = (
				6BA64050252B16BC001515F9 /* Debug */,
				6BA64051252B16BC001515F9 /* Release */,
			);
			defaultConfigurationIsVisible = 0;
			defaultConfigurationName = Release;
		};
		6BA64052252B16BC001515F9 /* Build configuration list for PBXNativeTarget "RoboBlockerTests" */ = {
			isa = XCConfigurationList;
			buildConfigurations = (
				6BA64053252B16BC001515F9 /* Debug */,
				6BA64054252B16BC001515F9 /* Release */,
			);
			defaultConfigurationIsVisible = 0;
			defaultConfigurationName = Release;
		};
		6BA640A6252F0FD3001515F9 /* Build configuration list for PBXNativeTarget "CallDirectoryHandler" */ = {
			isa = XCConfigurationList;
			buildConfigurations = (
				6BA640A4252F0FD3001515F9 /* Debug */,
				6BA640A5252F0FD3001515F9 /* Release */,
			);
			defaultConfigurationIsVisible = 0;
			defaultConfigurationName = Release;
		};
		6BA640B5252F4326001515F9 /* Build configuration list for PBXNativeTarget "MessageFilterExtension" */ = {
			isa = XCConfigurationList;
			buildConfigurations = (
				6BA640B3252F4326001515F9 /* Debug */,
				6BA640B4252F4326001515F9 /* Release */,
			);
			defaultConfigurationIsVisible = 0;
			defaultConfigurationName = Release;
		};
/* End XCConfigurationList section */
	};
	rootObject = 6BA64028252B16BB001515F9 /* Project object */;
}
